
Microsoft Visual Studio Solution File, Format Version 12.00
# Visual Studio Version 16
VisualStudioVersion = 16.0.31402.337
MinimumVisualStudioVersion = 10.0.40219.1
Project("{FAE04EC0-301F-11D3-BF4B-00C04F79EFBC}") = "Exemplo", "Exemplo\Exemplo.csproj", "{87FE6ED4-177A-47F9-BF80-AE86ACF46D0A}"
EndProject
Global
	GlobalSection(SolutionConfigurationPlatforms) = preSolution
		Debug|Any CPU = Debug|Any CPU
		Release|Any CPU = Release|Any CPU
	EndGlobalSection
	GlobalSection(ProjectConfigurationPlatforms) = postSolution
		{87FE6ED4-177A-47F9-BF80-AE86ACF46D0A}.Debug|Any CPU.ActiveCfg = Debug|Any CPU
		{87FE6ED4-177A-47F9-BF80-AE86ACF46D0A}.Debug|Any CPU.Build.0 = Debug|Any CPU
		{87FE6ED4-177A-47F9-BF80-AE86ACF46D0A}.Release|Any CPU.ActiveCfg = Release|Any CPU
		{87FE6ED4-177A-47F9-BF80-AE86ACF46D0A}.Release|Any CPU.Build.0 = Release|Any CPU
	EndGlobalSection
	GlobalSection(SolutionProperties) = preSolution
		HideSolutionNode = FALSE
	EndGlobalSection
	GlobalSection(ExtensibilityGlobals) = postSolution
		SolutionGuid = {837F1442-DA87-4364-85E5-5EA1231B59C4}
	EndGlobalSection
EndGlobal
