
Microsoft Visual Studio Solution File, Format Version 12.00
# Visual Studio Version 16
VisualStudioVersion = 16.0.31402.337
MinimumVisualStudioVersion = 10.0.40219.1
Project("{9A19103F-16F7-4668-BE54-9A1E7A4F7556}") = "Propriedades", "Propriedades\Propriedades.csproj", "{C9BCBFD2-C2FF-436C-93A3-5D9086A48464}"
EndProject
Project("{FAE04EC0-301F-11D3-BF4B-00C04F79EFBC}") = "ExercicioBanco", "ExercicioBanco\ExercicioBanco.csproj", "{E04D53E9-DBAC-4301-A77F-96C2F3187880}"
EndProject
Global
	GlobalSection(SolutionConfigurationPlatforms) = preSolution
		Debug|Any CPU = Debug|Any CPU
		Release|Any CPU = Release|Any CPU
	EndGlobalSection
	GlobalSection(ProjectConfigurationPlatforms) = postSolution
		{C9BCBFD2-C2FF-436C-93A3-5D9086A48464}.Debug|Any CPU.ActiveCfg = Debug|Any CPU
		{C9BCBFD2-C2FF-436C-93A3-5D9086A48464}.Debug|Any CPU.Build.0 = Debug|Any CPU
		{C9BCBFD2-C2FF-436C-93A3-5D9086A48464}.Release|Any CPU.ActiveCfg = Release|Any CPU
		{C9BCBFD2-C2FF-436C-93A3-5D9086A48464}.Release|Any CPU.Build.0 = Release|Any CPU
		{E04D53E9-DBAC-4301-A77F-96C2F3187880}.Debug|Any CPU.ActiveCfg = Debug|Any CPU
		{E04D53E9-DBAC-4301-A77F-96C2F3187880}.Debug|Any CPU.Build.0 = Debug|Any CPU
		{E04D53E9-DBAC-4301-A77F-96C2F3187880}.Release|Any CPU.ActiveCfg = Release|Any CPU
		{E04D53E9-DBAC-4301-A77F-96C2F3187880}.Release|Any CPU.Build.0 = Release|Any CPU
	EndGlobalSection
	GlobalSection(SolutionProperties) = preSolution
		HideSolutionNode = FALSE
	EndGlobalSection
	GlobalSection(ExtensibilityGlobals) = postSolution
		SolutionGuid = {3AD53566-6508-442F-9581-F2F417B37B03}
	EndGlobalSection
EndGlobal
