
Microsoft Visual Studio Solution File, Format Version 12.00
# Visual Studio Version 16
VisualStudioVersion = 16.0.31402.337
MinimumVisualStudioVersion = 10.0.40219.1
Project("{FAE04EC0-301F-11D3-BF4B-00C04F79EFBC}") = "Exemplo", "Exemplo\Exemplo.csproj", "{EEDC8ED9-BDCF-4312-9C3C-C51370E6F69B}"
EndProject
Global
	GlobalSection(SolutionConfigurationPlatforms) = preSolution
		Debug|Any CPU = Debug|Any CPU
		Release|Any CPU = Release|Any CPU
	EndGlobalSection
	GlobalSection(ProjectConfigurationPlatforms) = postSolution
		{EEDC8ED9-BDCF-4312-9C3C-C51370E6F69B}.Debug|Any CPU.ActiveCfg = Debug|Any CPU
		{EEDC8ED9-BDCF-4312-9C3C-C51370E6F69B}.Debug|Any CPU.Build.0 = Debug|Any CPU
		{EEDC8ED9-BDCF-4312-9C3C-C51370E6F69B}.Release|Any CPU.ActiveCfg = Release|Any CPU
		{EEDC8ED9-BDCF-4312-9C3C-C51370E6F69B}.Release|Any CPU.Build.0 = Release|Any CPU
	EndGlobalSection
	GlobalSection(SolutionProperties) = preSolution
		HideSolutionNode = FALSE
	EndGlobalSection
	GlobalSection(ExtensibilityGlobals) = postSolution
		SolutionGuid = {BD4A4B97-7ECF-48A2-BDD4-96CB94283DD3}
	EndGlobalSection
EndGlobal
