
Microsoft Visual Studio Solution File, Format Version 12.00
# Visual Studio Version 16
VisualStudioVersion = 16.0.31402.337
MinimumVisualStudioVersion = 10.0.40219.1
Project("{FAE04EC0-301F-11D3-BF4B-00C04F79EFBC}") = "Exemplo", "Exemplo\Exemplo.csproj", "{86340063-8666-42BE-A017-456CA2956009}"
EndProject
Global
	GlobalSection(SolutionConfigurationPlatforms) = preSolution
		Debug|Any CPU = Debug|Any CPU
		Release|Any CPU = Release|Any CPU
	EndGlobalSection
	GlobalSection(ProjectConfigurationPlatforms) = postSolution
		{86340063-8666-42BE-A017-456CA2956009}.Debug|Any CPU.ActiveCfg = Debug|Any CPU
		{86340063-8666-42BE-A017-456CA2956009}.Debug|Any CPU.Build.0 = Debug|Any CPU
		{86340063-8666-42BE-A017-456CA2956009}.Release|Any CPU.ActiveCfg = Release|Any CPU
		{86340063-8666-42BE-A017-456CA2956009}.Release|Any CPU.Build.0 = Release|Any CPU
	EndGlobalSection
	GlobalSection(SolutionProperties) = preSolution
		HideSolutionNode = FALSE
	EndGlobalSection
	GlobalSection(ExtensibilityGlobals) = postSolution
		SolutionGuid = {954B2F93-0F9E-432E-A2F9-A1F95E00C91B}
	EndGlobalSection
EndGlobal
