
Microsoft Visual Studio Solution File, Format Version 12.00
# Visual Studio Version 16
VisualStudioVersion = 16.0.31402.337
MinimumVisualStudioVersion = 10.0.40219.1
Project("{9A19103F-16F7-4668-BE54-9A1E7A4F7556}") = "Exercicio1", "Exercicio1\Exercicio1.csproj", "{07AA115B-B652-4A2E-848C-521AD30F6B47}"
EndProject
Project("{9A19103F-16F7-4668-BE54-9A1E7A4F7556}") = "Exercicio2", "Exercicio2\Exercicio2.csproj", "{4EE73032-DCFE-44FD-A3C9-A4B0F357E246}"
EndProject
Project("{FAE04EC0-301F-11D3-BF4B-00C04F79EFBC}") = "Exercicio3", "Exercicio3\Exercicio3.csproj", "{2E27BEC2-29A5-43ED-B540-32C2506A19C6}"
EndProject
Global
	GlobalSection(SolutionConfigurationPlatforms) = preSolution
		Debug|Any CPU = Debug|Any CPU
		Release|Any CPU = Release|Any CPU
	EndGlobalSection
	GlobalSection(ProjectConfigurationPlatforms) = postSolution
		{07AA115B-B652-4A2E-848C-521AD30F6B47}.Debug|Any CPU.ActiveCfg = Debug|Any CPU
		{07AA115B-B652-4A2E-848C-521AD30F6B47}.Debug|Any CPU.Build.0 = Debug|Any CPU
		{07AA115B-B652-4A2E-848C-521AD30F6B47}.Release|Any CPU.ActiveCfg = Release|Any CPU
		{07AA115B-B652-4A2E-848C-521AD30F6B47}.Release|Any CPU.Build.0 = Release|Any CPU
		{4EE73032-DCFE-44FD-A3C9-A4B0F357E246}.Debug|Any CPU.ActiveCfg = Debug|Any CPU
		{4EE73032-DCFE-44FD-A3C9-A4B0F357E246}.Debug|Any CPU.Build.0 = Debug|Any CPU
		{4EE73032-DCFE-44FD-A3C9-A4B0F357E246}.Release|Any CPU.ActiveCfg = Release|Any CPU
		{4EE73032-DCFE-44FD-A3C9-A4B0F357E246}.Release|Any CPU.Build.0 = Release|Any CPU
		{2E27BEC2-29A5-43ED-B540-32C2506A19C6}.Debug|Any CPU.ActiveCfg = Debug|Any CPU
		{2E27BEC2-29A5-43ED-B540-32C2506A19C6}.Debug|Any CPU.Build.0 = Debug|Any CPU
		{2E27BEC2-29A5-43ED-B540-32C2506A19C6}.Release|Any CPU.ActiveCfg = Release|Any CPU
		{2E27BEC2-29A5-43ED-B540-32C2506A19C6}.Release|Any CPU.Build.0 = Release|Any CPU
	EndGlobalSection
	GlobalSection(SolutionProperties) = preSolution
		HideSolutionNode = FALSE
	EndGlobalSection
	GlobalSection(ExtensibilityGlobals) = postSolution
		SolutionGuid = {145C3F84-3699-4147-AD6C-23651C1A8E88}
	EndGlobalSection
EndGlobal
